
Microsoft Visual Studio Solution File, Format Version 12.00
# Visual Studio Version 16
VisualStudioVersion = 25.0.1706.7
MinimumVisualStudioVersion = 10.0.40219.1
Project("{FAE04EC0-301F-11D3-BF4B-00C04F79EFBC}") = "Random Restart ( Hill climbing )", "Random Restart ( Hill climbing )\Random Restart ( Hill climbing ).csproj", "{CBB5824A-E553-41BA-A49E-78E7314F04D7}"
EndProject
Global
	GlobalSection(SolutionConfigurationPlatforms) = preSolution
		Debug|Any CPU = Debug|Any CPU
		Release|Any CPU = Release|Any CPU
	EndGlobalSection
	GlobalSection(ProjectConfigurationPlatforms) = postSolution
		{CBB5824A-E553-41BA-A49E-78E7314F04D7}.Debug|Any CPU.ActiveCfg = Debug|Any CPU
		{CBB5824A-E553-41BA-A49E-78E7314F04D7}.Debug|Any CPU.Build.0 = Debug|Any CPU
		{CBB5824A-E553-41BA-A49E-78E7314F04D7}.Release|Any CPU.ActiveCfg = Release|Any CPU
		{CBB5824A-E553-41BA-A49E-78E7314F04D7}.Release|Any CPU.Build.0 = Release|Any CPU
	EndGlobalSection
	GlobalSection(SolutionProperties) = preSolution
		HideSolutionNode = FALSE
	EndGlobalSection
	GlobalSection(ExtensibilityGlobals) = postSolution
		SolutionGuid = {4C5BEFDB-6958-4B86-BB60-E64F90F4D218}
	EndGlobalSection
EndGlobal
